# This file is generated by running "yarn install" inside your project.
# Manual changes might be lost - proceed with caution!

__metadata:
  version: 8
  cacheKey: 10c0

"my-workspace@workspace:.":
  version: 0.0.0-use.local
  resolution: "my-workspace@workspace:."
  languageName: unknown
  linkType: soft

"package-a@workspace:packages/package-a":
  version: 0.0.0-use.local
  resolution: "package-a@workspace:packages/package-a"
  dependencies:
    package-cli: "npm:^1.0.0"
  languageName: unknown
  linkType: soft

"package-b@workspace:packages/package-b":
  version: 0.0.0-use.local
  resolution: "package-b@workspace:packages/package-b"
  dependencies:
    package-cli: "npm:^1.0.0"
  languageName: unknown
  linkType: soft

"package-c@workspace:packages/package-c":
  version: 0.0.0-use.local
  resolution: "package-c@workspace:packages/package-c"
  languageName: unknown
  linkType: soft

"package-cli@npm:^1.0.0, package-cli@workspace:packages/package-cli":
  version: 0.0.0-use.local
  resolution: "package-cli@workspace:packages/package-cli"
  bin:
    echo-args: ./index.js
  languageName: unknown
  linkType: soft
